
Microsoft Visual Studio Solution File, Format Version 12.00
# Visual Studio 15
Project("{FAE04EC0-301F-11D3-BF4B-00C04F79EFBC}") = "Assembly-CSharp", "Assembly-CSharp.csproj", "{26C51B11-3F28-D1A6-E2D5-D685A0B390D6}"
EndProject
Project("{FAE04EC0-301F-11D3-BF4B-00C04F79EFBC}") = "Assembly-CSharp-Editor", "Assembly-CSharp-Editor.csproj", "{17E98120-17B2-A6DE-C9E7-510BE63A5377}"
EndProject
Global
	GlobalSection(SolutionConfigurationPlatforms) = preSolution
		Debug|Any CPU = Debug|Any CPU
		Release|Any CPU = Release|Any CPU
	EndGlobalSection
	GlobalSection(ProjectConfigurationPlatforms) = postSolution
		{26C51B11-3F28-D1A6-E2D5-D685A0B390D6}.Debug|Any CPU.ActiveCfg = Debug|Any CPU
		{26C51B11-3F28-D1A6-E2D5-D685A0B390D6}.Debug|Any CPU.Build.0 = Debug|Any CPU
		{26C51B11-3F28-D1A6-E2D5-D685A0B390D6}.Release|Any CPU.ActiveCfg = Release|Any CPU
		{26C51B11-3F28-D1A6-E2D5-D685A0B390D6}.Release|Any CPU.Build.0 = Release|Any CPU
		{17E98120-17B2-A6DE-C9E7-510BE63A5377}.Debug|Any CPU.ActiveCfg = Debug|Any CPU
		{17E98120-17B2-A6DE-C9E7-510BE63A5377}.Debug|Any CPU.Build.0 = Debug|Any CPU
		{17E98120-17B2-A6DE-C9E7-510BE63A5377}.Release|Any CPU.ActiveCfg = Release|Any CPU
		{17E98120-17B2-A6DE-C9E7-510BE63A5377}.Release|Any CPU.Build.0 = Release|Any CPU
	EndGlobalSection
	GlobalSection(SolutionProperties) = preSolution
		HideSolutionNode = FALSE
	EndGlobalSection
EndGlobal
